
Microsoft Visual Studio Solution File, Format Version 12.00
# Visual Studio Version 16
VisualStudioVersion = 16.0.30114.105
MinimumVisualStudioVersion = 10.0.40219.1
Project("{FAE04EC0-301F-11D3-BF4B-00C04F79EFBC}") = "Katas", "Katas\Katas.csproj", "{2153769D-53C6-40B6-AFA4-F60D496862BF}"
EndProject
Project("{FAE04EC0-301F-11D3-BF4B-00C04F79EFBC}") = "Katas.Tests", "Katas.Tests\Katas.Tests.csproj", "{E6F55437-D6B4-442B-92C7-2A76341C284C}"
EndProject
Project("{FAE04EC0-301F-11D3-BF4B-00C04F79EFBC}") = "Katas.Console", "Katas.Console\Katas.Console.csproj", "{ED9D8BE8-D9B5-404C-A039-322E486CB9FC}"
EndProject
Global
	GlobalSection(SolutionConfigurationPlatforms) = preSolution
		Debug|Any CPU = Debug|Any CPU
		Debug|x64 = Debug|x64
		Debug|x86 = Debug|x86
		Release|Any CPU = Release|Any CPU
		Release|x64 = Release|x64
		Release|x86 = Release|x86
	EndGlobalSection
	GlobalSection(SolutionProperties) = preSolution
		HideSolutionNode = FALSE
	EndGlobalSection
	GlobalSection(ProjectConfigurationPlatforms) = postSolution
		{2153769D-53C6-40B6-AFA4-F60D496862BF}.Debug|Any CPU.ActiveCfg = Debug|Any CPU
		{2153769D-53C6-40B6-AFA4-F60D496862BF}.Debug|Any CPU.Build.0 = Debug|Any CPU
		{2153769D-53C6-40B6-AFA4-F60D496862BF}.Debug|x64.ActiveCfg = Debug|Any CPU
		{2153769D-53C6-40B6-AFA4-F60D496862BF}.Debug|x64.Build.0 = Debug|Any CPU
		{2153769D-53C6-40B6-AFA4-F60D496862BF}.Debug|x86.ActiveCfg = Debug|Any CPU
		{2153769D-53C6-40B6-AFA4-F60D496862BF}.Debug|x86.Build.0 = Debug|Any CPU
		{2153769D-53C6-40B6-AFA4-F60D496862BF}.Release|Any CPU.ActiveCfg = Release|Any CPU
		{2153769D-53C6-40B6-AFA4-F60D496862BF}.Release|Any CPU.Build.0 = Release|Any CPU
		{2153769D-53C6-40B6-AFA4-F60D496862BF}.Release|x64.ActiveCfg = Release|Any CPU
		{2153769D-53C6-40B6-AFA4-F60D496862BF}.Release|x64.Build.0 = Release|Any CPU
		{2153769D-53C6-40B6-AFA4-F60D496862BF}.Release|x86.ActiveCfg = Release|Any CPU
		{2153769D-53C6-40B6-AFA4-F60D496862BF}.Release|x86.Build.0 = Release|Any CPU
		{E6F55437-D6B4-442B-92C7-2A76341C284C}.Debug|Any CPU.ActiveCfg = Debug|Any CPU
		{E6F55437-D6B4-442B-92C7-2A76341C284C}.Debug|Any CPU.Build.0 = Debug|Any CPU
		{E6F55437-D6B4-442B-92C7-2A76341C284C}.Debug|x64.ActiveCfg = Debug|Any CPU
		{E6F55437-D6B4-442B-92C7-2A76341C284C}.Debug|x64.Build.0 = Debug|Any CPU
		{E6F55437-D6B4-442B-92C7-2A76341C284C}.Debug|x86.ActiveCfg = Debug|Any CPU
		{E6F55437-D6B4-442B-92C7-2A76341C284C}.Debug|x86.Build.0 = Debug|Any CPU
		{E6F55437-D6B4-442B-92C7-2A76341C284C}.Release|Any CPU.ActiveCfg = Release|Any CPU
		{E6F55437-D6B4-442B-92C7-2A76341C284C}.Release|Any CPU.Build.0 = Release|Any CPU
		{E6F55437-D6B4-442B-92C7-2A76341C284C}.Release|x64.ActiveCfg = Release|Any CPU
		{E6F55437-D6B4-442B-92C7-2A76341C284C}.Release|x64.Build.0 = Release|Any CPU
		{E6F55437-D6B4-442B-92C7-2A76341C284C}.Release|x86.ActiveCfg = Release|Any CPU
		{E6F55437-D6B4-442B-92C7-2A76341C284C}.Release|x86.Build.0 = Release|Any CPU
		{ED9D8BE8-D9B5-404C-A039-322E486CB9FC}.Debug|Any CPU.ActiveCfg = Debug|Any CPU
		{ED9D8BE8-D9B5-404C-A039-322E486CB9FC}.Debug|Any CPU.Build.0 = Debug|Any CPU
		{ED9D8BE8-D9B5-404C-A039-322E486CB9FC}.Debug|x64.ActiveCfg = Debug|Any CPU
		{ED9D8BE8-D9B5-404C-A039-322E486CB9FC}.Debug|x64.Build.0 = Debug|Any CPU
		{ED9D8BE8-D9B5-404C-A039-322E486CB9FC}.Debug|x86.ActiveCfg = Debug|Any CPU
		{ED9D8BE8-D9B5-404C-A039-322E486CB9FC}.Debug|x86.Build.0 = Debug|Any CPU
		{ED9D8BE8-D9B5-404C-A039-322E486CB9FC}.Release|Any CPU.ActiveCfg = Release|Any CPU
		{ED9D8BE8-D9B5-404C-A039-322E486CB9FC}.Release|Any CPU.Build.0 = Release|Any CPU
		{ED9D8BE8-D9B5-404C-A039-322E486CB9FC}.Release|x64.ActiveCfg = Release|Any CPU
		{ED9D8BE8-D9B5-404C-A039-322E486CB9FC}.Release|x64.Build.0 = Release|Any CPU
		{ED9D8BE8-D9B5-404C-A039-322E486CB9FC}.Release|x86.ActiveCfg = Release|Any CPU
		{ED9D8BE8-D9B5-404C-A039-322E486CB9FC}.Release|x86.Build.0 = Release|Any CPU
	EndGlobalSection
EndGlobal
